
Microsoft Visual Studio Solution File, Format Version 12.00
# Visual Studio 2015
Project("{FAE04EC0-301F-11D3-BF4B-00C04F79EFBC}") = "LightFieldForwardRendering.CSharp", "LightFieldForwardRendering.CSharp.csproj", "{1151AFE2-8792-F40F-7CEE-64D6674DD36F}"
EndProject
Project("{FAE04EC0-301F-11D3-BF4B-00C04F79EFBC}") = "LightFieldForwardRendering.CSharp.Editor", "LightFieldForwardRendering.CSharp.Editor.csproj", "{51AD761E-99CC-2D51-55F6-929EB4A85B41}"
EndProject
Global
	GlobalSection(SolutionConfigurationPlatforms) = preSolution
		Debug|Any CPU = Debug|Any CPU
		Release|Any CPU = Release|Any CPU
	EndGlobalSection
	GlobalSection(ProjectConfigurationPlatforms) = postSolution
		{1151AFE2-8792-F40F-7CEE-64D6674DD36F}.Debug|Any CPU.ActiveCfg = Debug|Any CPU
		{1151AFE2-8792-F40F-7CEE-64D6674DD36F}.Debug|Any CPU.Build.0 = Debug|Any CPU
		{1151AFE2-8792-F40F-7CEE-64D6674DD36F}.Release|Any CPU.ActiveCfg = Release|Any CPU
		{1151AFE2-8792-F40F-7CEE-64D6674DD36F}.Release|Any CPU.Build.0 = Release|Any CPU
		{51AD761E-99CC-2D51-55F6-929EB4A85B41}.Debug|Any CPU.ActiveCfg = Debug|Any CPU
		{51AD761E-99CC-2D51-55F6-929EB4A85B41}.Debug|Any CPU.Build.0 = Debug|Any CPU
		{51AD761E-99CC-2D51-55F6-929EB4A85B41}.Release|Any CPU.ActiveCfg = Release|Any CPU
		{51AD761E-99CC-2D51-55F6-929EB4A85B41}.Release|Any CPU.Build.0 = Release|Any CPU
	EndGlobalSection
	GlobalSection(SolutionProperties) = preSolution
		HideSolutionNode = FALSE
	EndGlobalSection
EndGlobal
